// !$*UTF8*$!
{
	archiveVersion = 1;
	classes = {
	};
	objectVersion = 46;
	objects = {

/* Begin PBXBuildFile section */
		D2C9552C1E18475D00136269 /* AppDelegate.swift in Sources */ = {isa = PBXBuildFile; fileRef = D2C9552B1E18475D00136269 /* AppDelegate.swift */; };
		D2C9552E1E18475D00136269 /* ViewController.swift in Sources */ = {isa = PBXBuildFile; fileRef = D2C9552D1E18475D00136269 /* ViewController.swift */; };
		D2C955311E18475D00136269 /* Main.storyboard in Resources */ = {isa = PBXBuildFile; fileRef = D2C9552F1E18475D00136269 /* Main.storyboard */; };
		D2C955331E18475D00136269 /* Assets.xcassets in Resources */ = {isa = PBXBuildFile; fileRef = D2C955321E18475D00136269 /* Assets.xcassets */; };
		D2C955361E18475D00136269 /* LaunchScreen.storyboard in Resources */ = {isa = PBXBuildFile; fileRef = D2C955341E18475D00136269 /* LaunchScreen.storyboard */; };
		D2C955411E18475D00136269 /* ItunesJamesTests.swift in Sources */ = {isa = PBXBuildFile; fileRef = D2C955401E18475D00136269 /* ItunesJamesTests.swift */; };
		D2C9554C1E18475D00136269 /* ItunesJamesUITests.swift in Sources */ = {isa = PBXBuildFile; fileRef = D2C9554B1E18475D00136269 /* ItunesJamesUITests.swift */; };
/* End PBXBuildFile section */

/* Begin PBXContainerItemProxy section */
		D2C9553D1E18475D00136269 /* PBXContainerItemProxy */ = {
			isa = PBXContainerItemProxy;
			containerPortal = D2C955201E18475D00136269 /* Project object */;
			proxyType = 1;
			remoteGlobalIDString = D2C955271E18475D00136269;
			remoteInfo = ItunesJames;
		};
		D2C955481E18475D00136269 /* PBXContainerItemProxy */ = {
			isa = PBXContainerItemProxy;
			containerPortal = D2C955201E18475D00136269 /* Project object */;
			proxyType = 1;
			remoteGlobalIDString = D2C955271E18475D00136269;
			remoteInfo = ItunesJames;
		};
/* End PBXContainerItemProxy section */

/* Begin PBXFileReference section */
		D2C955281E18475D00136269 /* ItunesJames.app */ = {isa = PBXFileReference; explicitFileType = wrapper.application; includeInIndex = 0; path = ItunesJames.app; sourceTree = BUILT_PRODUCTS_DIR; };
		D2C9552B1E18475D00136269 /* AppDelegate.swift */ = {isa = PBXFileReference; lastKnownFileType = sourcecode.swift; path = AppDelegate.swift; sourceTree = "<group>"; };
		D2C9552D1E18475D00136269 /* ViewController.swift */ = {isa = PBXFileReference; lastKnownFileType = sourcecode.swift; path = ViewController.swift; sourceTree = "<group>"; };
		D2C955301E18475D00136269 /* Base */ = {isa = PBXFileReference; lastKnownFileType = file.storyboard; name = Base; path = Base.lproj/Main.storyboard; sourceTree = "<group>"; };
		D2C955321E18475D00136269 /* Assets.xcassets */ = {isa = PBXFileReference; lastKnownFileType = folder.assetcatalog; path = Assets.xcassets; sourceTree = "<group>"; };
		D2C955351E18475D00136269 /* Base */ = {isa = PBXFileReference; lastKnownFileType = file.storyboard; name = Base; path = Base.lproj/LaunchScreen.storyboard; sourceTree = "<group>"; };
		D2C955371E18475D00136269 /* Info.plist */ = {isa = PBXFileReference; lastKnownFileType = text.plist.xml; path = Info.plist; sourceTree = "<group>"; };
		D2C9553C1E18475D00136269 /* ItunesJamesTests.xctest */ = {isa = PBXFileReference; explicitFileType = wrapper.cfbundle; includeInIndex = 0; path = ItunesJamesTests.xctest; sourceTree = BUILT_PRODUCTS_DIR; };
		D2C955401E18475D00136269 /* ItunesJamesTests.swift */ = {isa = PBXFileReference; lastKnownFileType = sourcecode.swift; path = ItunesJamesTests.swift; sourceTree = "<group>"; };
		D2C955421E18475D00136269 /* Info.plist */ = {isa = PBXFileReference; lastKnownFileType = text.plist.xml; path = Info.plist; sourceTree = "<group>"; };
		D2C955471E18475D00136269 /* ItunesJamesUITests.xctest */ = {isa = PBXFileReference; explicitFileType = wrapper.cfbundle; includeInIndex = 0; path = ItunesJamesUITests.xctest; sourceTree = BUILT_PRODUCTS_DIR; };
		D2C9554B1E18475D00136269 /* ItunesJamesUITests.swift */ = {isa = PBXFileReference; lastKnownFileType = sourcecode.swift; path = ItunesJamesUITests.swift; sourceTree = "<group>"; };
		D2C9554D1E18475D00136269 /* Info.plist */ = {isa = PBXFileReference; lastKnownFileType = text.plist.xml; path = Info.plist; sourceTree = "<group>"; };
/* End PBXFileReference section */

/* Begin PBXFrameworksBuildPhase section */
		D2C955251E18475D00136269 /* Frameworks */ = {
			isa = PBXFrameworksBuildPhase;
			buildActionMask = 2147483647;
			files = (
			);
			runOnlyForDeploymentPostprocessing = 0;
		};
		D2C955391E18475D00136269 /* Frameworks */ = {
			isa = PBXFrameworksBuildPhase;
			buildActionMask = 2147483647;
			files = (
			);
			runOnlyForDeploymentPostprocessing = 0;
		};
		D2C955441E18475D00136269 /* Frameworks */ = {
			isa = PBXFrameworksBuildPhase;
			buildActionMask = 2147483647;
			files = (
			);
			runOnlyForDeploymentPostprocessing = 0;
		};
/* End PBXFrameworksBuildPhase section */

/* Begin PBXGroup section */
		D2C9551F1E18475D00136269 = {
			isa = PBXGroup;
			children = (
				D2C9552A1E18475D00136269 /* ItunesJames */,
				D2C9553F1E18475D00136269 /* ItunesJamesTests */,
				D2C9554A1E18475D00136269 /* ItunesJamesUITests */,
				D2C955291E18475D00136269 /* Products */,
			);
			sourceTree = "<group>";
		};
		D2C955291E18475D00136269 /* Products */ = {
			isa = PBXGroup;
			children = (
				D2C955281E18475D00136269 /* ItunesJames.app */,
				D2C9553C1E18475D00136269 /* ItunesJamesTests.xctest */,
				D2C955471E18475D00136269 /* ItunesJamesUITests.xctest */,
			);
			name = Products;
			sourceTree = "<group>";
		};
		D2C9552A1E18475D00136269 /* ItunesJames */ = {
			isa = PBXGroup;
			children = (
				D2C9552B1E18475D00136269 /* AppDelegate.swift */,
				D2C9552D1E18475D00136269 /* ViewController.swift */,
				D2C9552F1E18475D00136269 /* Main.storyboard */,
				D2C955321E18475D00136269 /* Assets.xcassets */,
				D2C955341E18475D00136269 /* LaunchScreen.storyboard */,
				D2C955371E18475D00136269 /* Info.plist */,
			);
			path = ItunesJames;
			sourceTree = "<group>";
		};
		D2C9553F1E18475D00136269 /* ItunesJamesTests */ = {
			isa = PBXGroup;
			children = (
				D2C955401E18475D00136269 /* ItunesJamesTests.swift */,
				D2C955421E18475D00136269 /* Info.plist */,
			);
			path = ItunesJamesTests;
			sourceTree = "<group>";
		};
		D2C9554A1E18475D00136269 /* ItunesJamesUITests */ = {
			isa = PBXGroup;
			children = (
				D2C9554B1E18475D00136269 /* ItunesJamesUITests.swift */,
				D2C9554D1E18475D00136269 /* Info.plist */,
			);
			path = ItunesJamesUITests;
			sourceTree = "<group>";
		};
/* End PBXGroup section */

/* Begin PBXNativeTarget section */
		D2C955271E18475D00136269 /* ItunesJames */ = {
			isa = PBXNativeTarget;
			buildConfigurationList = D2C955501E18475D00136269 /* Build configuration list for PBXNativeTarget "ItunesJames" */;
			buildPhases = (
				D2C955241E18475D00136269 /* Sources */,
				D2C955251E18475D00136269 /* Frameworks */,
				D2C955261E18475D00136269 /* Resources */,
			);
			buildRules = (
			);
			dependencies = (
			);
			name = ItunesJames;
			productName = ItunesJames;
			productReference = D2C955281E18475D00136269 /* ItunesJames.app */;
			productType = "com.apple.product-type.application";
		};
		D2C9553B1E18475D00136269 /* ItunesJamesTests */ = {
			isa = PBXNativeTarget;
			buildConfigurationList = D2C955531E18475D00136269 /* Build configuration list for PBXNativeTarget "ItunesJamesTests" */;
			buildPhases = (
				D2C955381E18475D00136269 /* Sources */,
				D2C955391E18475D00136269 /* Frameworks */,
				D2C9553A1E18475D00136269 /* Resources */,
			);
			buildRules = (
			);
			dependencies = (
				D2C9553E1E18475D00136269 /* PBXTargetDependency */,
			);
			name = ItunesJamesTests;
			productName = ItunesJamesTests;
			productReference = D2C9553C1E18475D00136269 /* ItunesJamesTests.xctest */;
			productType = "com.apple.product-type.bundle.unit-test";
		};
		D2C955461E18475D00136269 /* ItunesJamesUITests */ = {
			isa = PBXNativeTarget;
			buildConfigurationList = D2C955561E18475D00136269 /* Build configuration list for PBXNativeTarget "ItunesJamesUITests" */;
			buildPhases = (
				D2C955431E18475D00136269 /* Sources */,
				D2C955441E18475D00136269 /* Frameworks */,
				D2C955451E18475D00136269 /* Resources */,
			);
			buildRules = (
			);
			dependencies = (
				D2C955491E18475D00136269 /* PBXTargetDependency */,
			);
			name = ItunesJamesUITests;
			productName = ItunesJamesUITests;
			productReference = D2C955471E18475D00136269 /* ItunesJamesUITests.xctest */;
			productType = "com.apple.product-type.bundle.ui-testing";
		};
/* End PBXNativeTarget section */

/* Begin PBXProject section */
		D2C955201E18475D00136269 /* Project object */ = {
			isa = PBXProject;
			attributes = {
				LastSwiftUpdateCheck = 0820;
				LastUpgradeCheck = 0820;
				ORGANIZATIONNAME = "jonathan thornburg";
				TargetAttributes = {
					D2C955271E18475D00136269 = {
						CreatedOnToolsVersion = 8.2.1;
						DevelopmentTeam = 5XL94NV2G5;
						ProvisioningStyle = Automatic;
					};
					D2C9553B1E18475D00136269 = {
						CreatedOnToolsVersion = 8.2.1;
						ProvisioningStyle = Automatic;
						TestTargetID = D2C955271E18475D00136269;
					};
					D2C955461E18475D00136269 = {
						CreatedOnToolsVersion = 8.2.1;
						ProvisioningStyle = Automatic;
						TestTargetID = D2C955271E18475D00136269;
					};
				};
			};
			buildConfigurationList = D2C955231E18475D00136269 /* Build configuration list for PBXProject "ItunesJames" */;
			compatibilityVersion = "Xcode 3.2";
			developmentRegion = English;
			hasScannedForEncodings = 0;
			knownRegions = (
				en,
				Base,
			);
			mainGroup = D2C9551F1E18475D00136269;
			productRefGroup = D2C955291E18475D00136269 /* Products */;
			projectDirPath = "";
			projectRoot = "";
			targets = (
				D2C955271E18475D00136269 /* ItunesJames */,
				D2C9553B1E18475D00136269 /* ItunesJamesTests */,
				D2C955461E18475D00136269 /* ItunesJamesUITests */,
			);
		};
/* End PBXProject section */

/* Begin PBXResourcesBuildPhase section */
		D2C955261E18475D00136269 /* Resources */ = {
			isa = PBXResourcesBuildPhase;
			buildActionMask = 2147483647;
			files = (
				D2C955361E18475D00136269 /* LaunchScreen.storyboard in Resources */,
				D2C955331E18475D00136269 /* Assets.xcassets in Resources */,
				D2C955311E18475D00136269 /* Main.storyboard in Resources */,
			);
			runOnlyForDeploymentPostprocessing = 0;
		};
		D2C9553A1E18475D00136269 /* Resources */ = {
			isa = PBXResourcesBuildPhase;
			buildActionMask = 2147483647;
			files = (
			);
			runOnlyForDeploymentPostprocessing = 0;
		};
		D2C955451E18475D00136269 /* Resources */ = {
			isa = PBXResourcesBuildPhase;
			buildActionMask = 2147483647;
			files = (
			);
			runOnlyForDeploymentPostprocessing = 0;
		};
/* End PBXResourcesBuildPhase section */

/* Begin PBXSourcesBuildPhase section */
		D2C955241E18475D00136269 /* Sources */ = {
			isa = PBXSourcesBuildPhase;
			buildActionMask = 2147483647;
			files = (
				D2C9552E1E18475D00136269 /* ViewController.swift in Sources */,
				D2C9552C1E18475D00136269 /* AppDelegate.swift in Sources */,
			);
			runOnlyForDeploymentPostprocessing = 0;
		};
		D2C955381E18475D00136269 /* Sources */ = {
			isa = PBXSourcesBuildPhase;
			buildActionMask = 2147483647;
			files = (
				D2C955411E18475D00136269 /* ItunesJamesTests.swift in Sources */,
			);
			runOnlyForDeploymentPostprocessing = 0;
		};
		D2C955431E18475D00136269 /* Sources */ = {
			isa = PBXSourcesBuildPhase;
			buildActionMask = 2147483647;
			files = (
				D2C9554C1E18475D00136269 /* ItunesJamesUITests.swift in Sources */,
			);
			runOnlyForDeploymentPostprocessing = 0;
		};
/* End PBXSourcesBuildPhase section */

/* Begin PBXTargetDependency section */
		D2C9553E1E18475D00136269 /* PBXTargetDependency */ = {
			isa = PBXTargetDependency;
			target = D2C955271E18475D00136269 /* ItunesJames */;
			targetProxy = D2C9553D1E18475D00136269 /* PBXContainerItemProxy */;
		};
		D2C955491E18475D00136269 /* PBXTargetDependency */ = {
			isa = PBXTargetDependency;
			target = D2C955271E18475D00136269 /* ItunesJames */;
			targetProxy = D2C955481E18475D00136269 /* PBXContainerItemProxy */;
		};
/* End PBXTargetDependency section */

/* Begin PBXVariantGroup section */
		D2C9552F1E18475D00136269 /* Main.storyboard */ = {
			isa = PBXVariantGroup;
			children = (
				D2C955301E18475D00136269 /* Base */,
			);
			name = Main.storyboard;
			sourceTree = "<group>";
		};
		D2C955341E18475D00136269 /* LaunchScreen.storyboard */ = {
			isa = PBXVariantGroup;
			children = (
				D2C955351E18475D00136269 /* Base */,
			);
			name = LaunchScreen.storyboard;
			sourceTree = "<group>";
		};
/* End PBXVariantGroup section */

/* Begin XCBuildConfiguration section */
		D2C9554E1E18475D00136269 /* Debug */ = {
			isa = XCBuildConfiguration;
			buildSettings = {
				ALWAYS_SEARCH_USER_PATHS = NO;
				CLANG_ANALYZER_NONNULL = YES;
				CLANG_CXX_LANGUAGE_STANDARD = "gnu++0x";
				CLANG_CXX_LIBRARY = "libc++";
				CLANG_ENABLE_MODULES = YES;
				CLANG_ENABLE_OBJC_ARC = YES;
				CLANG_WARN_BOOL_CONVERSION = YES;
				CLANG_WARN_CONSTANT_CONVERSION = YES;
				CLANG_WARN_DIRECT_OBJC_ISA_USAGE = YES_ERROR;
				CLANG_WARN_DOCUMENTATION_COMMENTS = YES;
				CLANG_WARN_EMPTY_BODY = YES;
				CLANG_WARN_ENUM_CONVERSION = YES;
				CLANG_WARN_INFINITE_RECURSION = YES;
				CLANG_WARN_INT_CONVERSION = YES;
				CLANG_WARN_OBJC_ROOT_CLASS = YES_ERROR;
				CLANG_WARN_SUSPICIOUS_MOVE = YES;
				CLANG_WARN_UNREACHABLE_CODE = YES;
				CLANG_WARN__DUPLICATE_METHOD_MATCH = YES;
				"CODE_SIGN_IDENTITY[sdk=iphoneos*]" = "iPhone Developer";
				COPY_PHASE_STRIP = NO;
				DEBUG_INFORMATION_FORMAT = dwarf;
				ENABLE_STRICT_OBJC_MSGSEND = YES;
				ENABLE_TESTABILITY = YES;
				GCC_C_LANGUAGE_STANDARD = gnu99;
				GCC_DYNAMIC_NO_PIC = NO;
				GCC_NO_COMMON_BLOCKS = YES;
				GCC_OPTIMIZATION_LEVEL = 0;
				GCC_PREPROCESSOR_DEFINITIONS = (
					"DEBUG=1",
					"$(inherited)",
				);
				GCC_WARN_64_TO_32_BIT_CONVERSION = YES;
				GCC_WARN_ABOUT_RETURN_TYPE = YES_ERROR;
				GCC_WARN_UNDECLARED_SELECTOR = YES;
				GCC_WARN_UNINITIALIZED_AUTOS = YES_AGGRESSIVE;
				GCC_WARN_UNUSED_FUNCTION = YES;
				GCC_WARN_UNUSED_VARIABLE = YES;
				IPHONEOS_DEPLOYMENT_TARGET = 10.2;
				MTL_ENABLE_DEBUG_INFO = YES;
				ONLY_ACTIVE_ARCH = YES;
				SDKROOT = iphoneos;
				SWIFT_ACTIVE_COMPILATION_CONDITIONS = DEBUG;
				SWIFT_OPTIMIZATION_LEVEL = "-Onone";
				TARGETED_DEVICE_FAMILY = "1,2";
			};
			name = Debug;
		};
		D2C9554F1E18475D00136269 /* Release */ = {
			isa = XCBuildConfiguration;
			buildSettings = {
				ALWAYS_SEARCH_USER_PATHS = NO;
				CLANG_ANALYZER_NONNULL = YES;
				CLANG_CXX_LANGUAGE_STANDARD = "gnu++0x";
				CLANG_CXX_LIBRARY = "libc++";
				CLANG_ENABLE_MODULES = YES;
				CLANG_ENABLE_OBJC_ARC = YES;
				CLANG_WARN_BOOL_CONVERSION = YES;
				CLANG_WARN_CONSTANT_CONVERSION = YES;
				CLANG_WARN_DIRECT_OBJC_ISA_USAGE = YES_ERROR;
				CLANG_WARN_DOCUMENTATION_COMMENTS = YES;
				CLANG_WARN_EMPTY_BODY = YES;
				CLANG_WARN_ENUM_CONVERSION = YES;
				CLANG_WARN_INFINITE_RECURSION = YES;
				CLANG_WARN_INT_CONVERSION = YES;
				CLANG_WARN_OBJC_ROOT_CLASS = YES_ERROR;
				CLANG_WARN_SUSPICIOUS_MOVE = YES;
				CLANG_WARN_UNREACHABLE_CODE = YES;
				CLANG_WARN__DUPLICATE_METHOD_MATCH = YES;
				"CODE_SIGN_IDENTITY[sdk=iphoneos*]" = "iPhone Developer";
				COPY_PHASE_STRIP = NO;
				DEBUG_INFORMATION_FORMAT = "dwarf-with-dsym";
				ENABLE_NS_ASSERTIONS = NO;
				ENABLE_STRICT_OBJC_MSGSEND = YES;
				GCC_C_LANGUAGE_STANDARD = gnu99;
				GCC_NO_COMMON_BLOCKS = YES;
				GCC_WARN_64_TO_32_BIT_CONVERSION = YES;
				GCC_WARN_ABOUT_RETURN_TYPE = YES_ERROR;
				GCC_WARN_UNDECLARED_SELECTOR = YES;
				GCC_WARN_UNINITIALIZED_AUTOS = YES_AGGRESSIVE;
				GCC_WARN_UNUSED_FUNCTION = YES;
				GCC_WARN_UNUSED_VARIABLE = YES;
				IPHONEOS_DEPLOYMENT_TARGET = 10.2;
				MTL_ENABLE_DEBUG_INFO = NO;
				SDKROOT = iphoneos;
				SWIFT_OPTIMIZATION_LEVEL = "-Owholemodule";
				TARGETED_DEVICE_FAMILY = "1,2";
				VALIDATE_PRODUCT = YES;
			};
			name = Release;
		};
		D2C955511E18475D00136269 /* Debug */ = {
			isa = XCBuildConfiguration;
			buildSettings = {
				ASSETCATALOG_COMPILER_APPICON_NAME = AppIcon;
				DEVELOPMENT_TEAM = 5XL94NV2G5;
				INFOPLIST_FILE = ItunesJames/Info.plist;
				LD_RUNPATH_SEARCH_PATHS = "$(inherited) @executable_path/Frameworks";
				PRODUCT_BUNDLE_IDENTIFIER = com.ItunesJames;
				PRODUCT_NAME = "$(TARGET_NAME)";
				SWIFT_VERSION = 3.0;
			};
			name = Debug;
		};
		D2C955521E18475D00136269 /* Release */ = {
			isa = XCBuildConfiguration;
			buildSettings = {
				ASSETCATALOG_COMPILER_APPICON_NAME = AppIcon;
				DEVELOPMENT_TEAM = 5XL94NV2G5;
				INFOPLIST_FILE = ItunesJames/Info.plist;
				LD_RUNPATH_SEARCH_PATHS = "$(inherited) @executable_path/Frameworks";
				PRODUCT_BUNDLE_IDENTIFIER = com.ItunesJames;
				PRODUCT_NAME = "$(TARGET_NAME)";
				SWIFT_VERSION = 3.0;
			};
			name = Release;
		};
		D2C955541E18475D00136269 /* Debug */ = {
			isa = XCBuildConfiguration;
			buildSettings = {
				ALWAYS_EMBED_SWIFT_STANDARD_LIBRARIES = YES;
				BUNDLE_LOADER = "$(TEST_HOST)";
				INFOPLIST_FILE = ItunesJamesTests/Info.plist;
				LD_RUNPATH_SEARCH_PATHS = "$(inherited) @executable_path/Frameworks @loader_path/Frameworks";
				PRODUCT_BUNDLE_IDENTIFIER = com.ItunesJamesTests;
				PRODUCT_NAME = "$(TARGET_NAME)";
				SWIFT_VERSION = 3.0;
				TEST_HOST = "$(BUILT_PRODUCTS_DIR)/ItunesJames.app/ItunesJames";
			};
			name = Debug;
		};
		D2C955551E18475D00136269 /* Release */ = {
			isa = XCBuildConfiguration;
			buildSettings = {
				ALWAYS_EMBED_SWIFT_STANDARD_LIBRARIES = YES;
				BUNDLE_LOADER = "$(TEST_HOST)";
				INFOPLIST_FILE = ItunesJamesTests/Info.plist;
				LD_RUNPATH_SEARCH_PATHS = "$(inherited) @executable_path/Frameworks @loader_path/Frameworks";
				PRODUCT_BUNDLE_IDENTIFIER = com.ItunesJamesTests;
				PRODUCT_NAME = "$(TARGET_NAME)";
				SWIFT_VERSION = 3.0;
				TEST_HOST = "$(BUILT_PRODUCTS_DIR)/ItunesJames.app/ItunesJames";
			};
			name = Release;
		};
		D2C955571E18475D00136269 /* Debug */ = {
			isa = XCBuildConfiguration;
			buildSettings = {
				ALWAYS_EMBED_SWIFT_STANDARD_LIBRARIES = YES;
				INFOPLIST_FILE = ItunesJamesUITests/Info.plist;
				LD_RUNPATH_SEARCH_PATHS = "$(inherited) @executable_path/Frameworks @loader_path/Frameworks";
				PRODUCT_BUNDLE_IDENTIFIER = com.ItunesJamesUITests;
				PRODUCT_NAME = "$(TARGET_NAME)";
				SWIFT_VERSION = 3.0;
				TEST_TARGET_NAME = ItunesJames;
			};
			name = Debug;
		};
		D2C955581E18475D00136269 /* Release */ = {
			isa = XCBuildConfiguration;
			buildSettings = {
				ALWAYS_EMBED_SWIFT_STANDARD_LIBRARIES = YES;
				INFOPLIST_FILE = ItunesJamesUITests/Info.plist;
				LD_RUNPATH_SEARCH_PATHS = "$(inherited) @executable_path/Frameworks @loader_path/Frameworks";
				PRODUCT_BUNDLE_IDENTIFIER = com.ItunesJamesUITests;
				PRODUCT_NAME = "$(TARGET_NAME)";
				SWIFT_VERSION = 3.0;
				TEST_TARGET_NAME = ItunesJames;
			};
			name = Release;
		};
/* End XCBuildConfiguration section */

/* Begin XCConfigurationList section */
		D2C955231E18475D00136269 /* Build configuration list for PBXProject "ItunesJames" */ = {
			isa = XCConfigurationList;
			buildConfigurations = (
				D2C9554E1E18475D00136269 /* Debug */,
				D2C9554F1E18475D00136269 /* Release */,
			);
			defaultConfigurationIsVisible = 0;
			defaultConfigurationName = Release;
		};
		D2C955501E18475D00136269 /* Build configuration list for PBXNativeTarget "ItunesJames" */ = {
			isa = XCConfigurationList;
			buildConfigurations = (
				D2C955511E18475D00136269 /* Debug */,
				D2C955521E18475D00136269 /* Release */,
			);
			defaultConfigurationIsVisible = 0;
		};
		D2C955531E18475D00136269 /* Build configuration list for PBXNativeTarget "ItunesJamesTests" */ = {
			isa = XCConfigurationList;
			buildConfigurations = (
				D2C955541E18475D00136269 /* Debug */,
				D2C955551E18475D00136269 /* Release */,
			);
			defaultConfigurationIsVisible = 0;
		};
		D2C955561E18475D00136269 /* Build configuration list for PBXNativeTarget "ItunesJamesUITests" */ = {
			isa = XCConfigurationList;
			buildConfigurations = (
				D2C955571E18475D00136269 /* Debug */,
				D2C955581E18475D00136269 /* Release */,
			);
			defaultConfigurationIsVisible = 0;
		};
/* End XCConfigurationList section */
	};
	rootObject = D2C955201E18475D00136269 /* Project object */;
}
